
Microsoft Visual Studio Solution File, Format Version 12.00
# Visual Studio Version 16
VisualStudioVersion = 16.0.31005.135
MinimumVisualStudioVersion = 10.0.40219.1
Project("{FAE04EC0-301F-11D3-BF4B-00C04F79EFBC}") = "CSharpFundamentals", "CSharpFundamentals\CSharpFundamentals.csproj", "{7BE40FDC-8136-4D1C-B17A-6CE21C0AEC07}"
EndProject
Global
	GlobalSection(SolutionConfigurationPlatforms) = preSolution
		Debug|Any CPU = Debug|Any CPU
		Release|Any CPU = Release|Any CPU
	EndGlobalSection
	GlobalSection(ProjectConfigurationPlatforms) = postSolution
		{7BE40FDC-8136-4D1C-B17A-6CE21C0AEC07}.Debug|Any CPU.ActiveCfg = Debug|Any CPU
		{7BE40FDC-8136-4D1C-B17A-6CE21C0AEC07}.Debug|Any CPU.Build.0 = Debug|Any CPU
		{7BE40FDC-8136-4D1C-B17A-6CE21C0AEC07}.Release|Any CPU.ActiveCfg = Release|Any CPU
		{7BE40FDC-8136-4D1C-B17A-6CE21C0AEC07}.Release|Any CPU.Build.0 = Release|Any CPU
	EndGlobalSection
	GlobalSection(SolutionProperties) = preSolution
		HideSolutionNode = FALSE
	EndGlobalSection
	GlobalSection(ExtensibilityGlobals) = postSolution
		SolutionGuid = {7F1A6A4E-216A-49BF-8D34-F387AD1BA312}
	EndGlobalSection
EndGlobal
